// !$*UTF8*$!
{
	archiveVersion = 1;
	classes = {
	};
	objectVersion = 56;
	objects = {

/* Begin PBXBuildFile section */
		77390D202C1F85410071D96B /* AppIntentApp.swift in Sources */ = {isa = PBXBuildFile; fileRef = 77390D1F2C1F85410071D96B /* AppIntentApp.swift */; };
		77390D222C1F85410071D96B /* ContentView.swift in Sources */ = {isa = PBXBuildFile; fileRef = 77390D212C1F85410071D96B /* ContentView.swift */; };
		77390D242C1F85430071D96B /* Assets.xcassets in Resources */ = {isa = PBXBuildFile; fileRef = 77390D232C1F85430071D96B /* Assets.xcassets */; };
		77390D272C1F85430071D96B /* Preview Assets.xcassets in Resources */ = {isa = PBXBuildFile; fileRef = 77390D262C1F85430071D96B /* Preview Assets.xcassets */; };
		77390D312C1F85430071D96B /* AppIntentTests.swift in Sources */ = {isa = PBXBuildFile; fileRef = 77390D302C1F85430071D96B /* AppIntentTests.swift */; };
		77390D3B2C1F85430071D96B /* AppIntentUITests.swift in Sources */ = {isa = PBXBuildFile; fileRef = 77390D3A2C1F85430071D96B /* AppIntentUITests.swift */; };
		77390D3D2C1F85430071D96B /* AppIntentUITestsLaunchTests.swift in Sources */ = {isa = PBXBuildFile; fileRef = 77390D3C2C1F85430071D96B /* AppIntentUITestsLaunchTests.swift */; };
		77390D4B2C1F85C40071D96B /* SampleIntent.swift in Sources */ = {isa = PBXBuildFile; fileRef = 77390D4A2C1F85C40071D96B /* SampleIntent.swift */; };
		776CC1362C1F88CC00C8705E /* SampleIntentShortcuts.swift in Sources */ = {isa = PBXBuildFile; fileRef = 776CC1352C1F88CC00C8705E /* SampleIntentShortcuts.swift */; };
/* End PBXBuildFile section */

/* Begin PBXContainerItemProxy section */
		77390D2D2C1F85430071D96B /* PBXContainerItemProxy */ = {
			isa = PBXContainerItemProxy;
			containerPortal = 77390D142C1F85410071D96B /* Project object */;
			proxyType = 1;
			remoteGlobalIDString = 77390D1B2C1F85410071D96B;
			remoteInfo = AppIntent;
		};
		77390D372C1F85430071D96B /* PBXContainerItemProxy */ = {
			isa = PBXContainerItemProxy;
			containerPortal = 77390D142C1F85410071D96B /* Project object */;
			proxyType = 1;
			remoteGlobalIDString = 77390D1B2C1F85410071D96B;
			remoteInfo = AppIntent;
		};
/* End PBXContainerItemProxy section */

/* Begin PBXFileReference section */
		77390D1C2C1F85410071D96B /* AppIntent.app */ = {isa = PBXFileReference; explicitFileType = wrapper.application; includeInIndex = 0; path = AppIntent.app; sourceTree = BUILT_PRODUCTS_DIR; };
		77390D1F2C1F85410071D96B /* AppIntentApp.swift */ = {isa = PBXFileReference; lastKnownFileType = sourcecode.swift; path = AppIntentApp.swift; sourceTree = "<group>"; };
		77390D212C1F85410071D96B /* ContentView.swift */ = {isa = PBXFileReference; lastKnownFileType = sourcecode.swift; path = ContentView.swift; sourceTree = "<group>"; };
		77390D232C1F85430071D96B /* Assets.xcassets */ = {isa = PBXFileReference; lastKnownFileType = folder.assetcatalog; path = Assets.xcassets; sourceTree = "<group>"; };
		77390D262C1F85430071D96B /* Preview Assets.xcassets */ = {isa = PBXFileReference; lastKnownFileType = folder.assetcatalog; path = "Preview Assets.xcassets"; sourceTree = "<group>"; };
		77390D2C2C1F85430071D96B /* AppIntentTests.xctest */ = {isa = PBXFileReference; explicitFileType = wrapper.cfbundle; includeInIndex = 0; path = AppIntentTests.xctest; sourceTree = BUILT_PRODUCTS_DIR; };
		77390D302C1F85430071D96B /* AppIntentTests.swift */ = {isa = PBXFileReference; lastKnownFileType = sourcecode.swift; path = AppIntentTests.swift; sourceTree = "<group>"; };
		77390D362C1F85430071D96B /* AppIntentUITests.xctest */ = {isa = PBXFileReference; explicitFileType = wrapper.cfbundle; includeInIndex = 0; path = AppIntentUITests.xctest; sourceTree = BUILT_PRODUCTS_DIR; };
		77390D3A2C1F85430071D96B /* AppIntentUITests.swift */ = {isa = PBXFileReference; lastKnownFileType = sourcecode.swift; path = AppIntentUITests.swift; sourceTree = "<group>"; };
		77390D3C2C1F85430071D96B /* AppIntentUITestsLaunchTests.swift */ = {isa = PBXFileReference; lastKnownFileType = sourcecode.swift; path = AppIntentUITestsLaunchTests.swift; sourceTree = "<group>"; };
		77390D4A2C1F85C40071D96B /* SampleIntent.swift */ = {isa = PBXFileReference; lastKnownFileType = sourcecode.swift; path = SampleIntent.swift; sourceTree = "<group>"; };
		776CC1352C1F88CC00C8705E /* SampleIntentShortcuts.swift */ = {isa = PBXFileReference; lastKnownFileType = sourcecode.swift; path = SampleIntentShortcuts.swift; sourceTree = "<group>"; };
/* End PBXFileReference section */

/* Begin PBXFrameworksBuildPhase section */
		77390D192C1F85410071D96B /* Frameworks */ = {
			isa = PBXFrameworksBuildPhase;
			buildActionMask = 2147483647;
			files = (
			);
			runOnlyForDeploymentPostprocessing = 0;
		};
		77390D292C1F85430071D96B /* Frameworks */ = {
			isa = PBXFrameworksBuildPhase;
			buildActionMask = 2147483647;
			files = (
			);
			runOnlyForDeploymentPostprocessing = 0;
		};
		77390D332C1F85430071D96B /* Frameworks */ = {
			isa = PBXFrameworksBuildPhase;
			buildActionMask = 2147483647;
			files = (
			);
			runOnlyForDeploymentPostprocessing = 0;
		};
/* End PBXFrameworksBuildPhase section */

/* Begin PBXGroup section */
		77390D132C1F85410071D96B = {
			isa = PBXGroup;
			children = (
				77390D1E2C1F85410071D96B /* AppIntent */,
				77390D2F2C1F85430071D96B /* AppIntentTests */,
				77390D392C1F85430071D96B /* AppIntentUITests */,
				77390D1D2C1F85410071D96B /* Products */,
			);
			sourceTree = "<group>";
		};
		77390D1D2C1F85410071D96B /* Products */ = {
			isa = PBXGroup;
			children = (
				77390D1C2C1F85410071D96B /* AppIntent.app */,
				77390D2C2C1F85430071D96B /* AppIntentTests.xctest */,
				77390D362C1F85430071D96B /* AppIntentUITests.xctest */,
			);
			name = Products;
			sourceTree = "<group>";
		};
		77390D1E2C1F85410071D96B /* AppIntent */ = {
			isa = PBXGroup;
			children = (
				77390D492C1F85A10071D96B /* Intents */,
				77390D1F2C1F85410071D96B /* AppIntentApp.swift */,
				77390D212C1F85410071D96B /* ContentView.swift */,
				77390D232C1F85430071D96B /* Assets.xcassets */,
				77390D252C1F85430071D96B /* Preview Content */,
			);
			path = AppIntent;
			sourceTree = "<group>";
		};
		77390D252C1F85430071D96B /* Preview Content */ = {
			isa = PBXGroup;
			children = (
				77390D262C1F85430071D96B /* Preview Assets.xcassets */,
			);
			path = "Preview Content";
			sourceTree = "<group>";
		};
		77390D2F2C1F85430071D96B /* AppIntentTests */ = {
			isa = PBXGroup;
			children = (
				77390D302C1F85430071D96B /* AppIntentTests.swift */,
			);
			path = AppIntentTests;
			sourceTree = "<group>";
		};
		77390D392C1F85430071D96B /* AppIntentUITests */ = {
			isa = PBXGroup;
			children = (
				77390D3A2C1F85430071D96B /* AppIntentUITests.swift */,
				77390D3C2C1F85430071D96B /* AppIntentUITestsLaunchTests.swift */,
			);
			path = AppIntentUITests;
			sourceTree = "<group>";
		};
		77390D492C1F85A10071D96B /* Intents */ = {
			isa = PBXGroup;
			children = (
				77390D4A2C1F85C40071D96B /* SampleIntent.swift */,
				776CC1352C1F88CC00C8705E /* SampleIntentShortcuts.swift */,
			);
			path = Intents;
			sourceTree = "<group>";
		};
/* End PBXGroup section */

/* Begin PBXNativeTarget section */
		77390D1B2C1F85410071D96B /* AppIntent */ = {
			isa = PBXNativeTarget;
			buildConfigurationList = 77390D402C1F85430071D96B /* Build configuration list for PBXNativeTarget "AppIntent" */;
			buildPhases = (
				77390D182C1F85410071D96B /* Sources */,
				77390D192C1F85410071D96B /* Frameworks */,
				77390D1A2C1F85410071D96B /* Resources */,
			);
			buildRules = (
			);
			dependencies = (
			);
			name = AppIntent;
			productName = AppIntent;
			productReference = 77390D1C2C1F85410071D96B /* AppIntent.app */;
			productType = "com.apple.product-type.application";
		};
		77390D2B2C1F85430071D96B /* AppIntentTests */ = {
			isa = PBXNativeTarget;
			buildConfigurationList = 77390D432C1F85430071D96B /* Build configuration list for PBXNativeTarget "AppIntentTests" */;
			buildPhases = (
				77390D282C1F85430071D96B /* Sources */,
				77390D292C1F85430071D96B /* Frameworks */,
				77390D2A2C1F85430071D96B /* Resources */,
			);
			buildRules = (
			);
			dependencies = (
				77390D2E2C1F85430071D96B /* PBXTargetDependency */,
			);
			name = AppIntentTests;
			productName = AppIntentTests;
			productReference = 77390D2C2C1F85430071D96B /* AppIntentTests.xctest */;
			productType = "com.apple.product-type.bundle.unit-test";
		};
		77390D352C1F85430071D96B /* AppIntentUITests */ = {
			isa = PBXNativeTarget;
			buildConfigurationList = 77390D462C1F85430071D96B /* Build configuration list for PBXNativeTarget "AppIntentUITests" */;
			buildPhases = (
				77390D322C1F85430071D96B /* Sources */,
				77390D332C1F85430071D96B /* Frameworks */,
				77390D342C1F85430071D96B /* Resources */,
			);
			buildRules = (
			);
			dependencies = (
				77390D382C1F85430071D96B /* PBXTargetDependency */,
			);
			name = AppIntentUITests;
			productName = AppIntentUITests;
			productReference = 77390D362C1F85430071D96B /* AppIntentUITests.xctest */;
			productType = "com.apple.product-type.bundle.ui-testing";
		};
/* End PBXNativeTarget section */

/* Begin PBXProject section */
		77390D142C1F85410071D96B /* Project object */ = {
			isa = PBXProject;
			attributes = {
				BuildIndependentTargetsInParallel = 1;
				LastSwiftUpdateCheck = 1520;
				LastUpgradeCheck = 1520;
				TargetAttributes = {
					77390D1B2C1F85410071D96B = {
						CreatedOnToolsVersion = 15.2;
					};
					77390D2B2C1F85430071D96B = {
						CreatedOnToolsVersion = 15.2;
						TestTargetID = 77390D1B2C1F85410071D96B;
					};
					77390D352C1F85430071D96B = {
						CreatedOnToolsVersion = 15.2;
						TestTargetID = 77390D1B2C1F85410071D96B;
					};
				};
			};
			buildConfigurationList = 77390D172C1F85410071D96B /* Build configuration list for PBXProject "AppIntent" */;
			compatibilityVersion = "Xcode 14.0";
			developmentRegion = en;
			hasScannedForEncodings = 0;
			knownRegions = (
				en,
				Base,
			);
			mainGroup = 77390D132C1F85410071D96B;
			productRefGroup = 77390D1D2C1F85410071D96B /* Products */;
			projectDirPath = "";
			projectRoot = "";
			targets = (
				77390D1B2C1F85410071D96B /* AppIntent */,
				77390D2B2C1F85430071D96B /* AppIntentTests */,
				77390D352C1F85430071D96B /* AppIntentUITests */,
			);
		};
/* End PBXProject section */

/* Begin PBXResourcesBuildPhase section */
		77390D1A2C1F85410071D96B /* Resources */ = {
			isa = PBXResourcesBuildPhase;
			buildActionMask = 2147483647;
			files = (
				77390D272C1F85430071D96B /* Preview Assets.xcassets in Resources */,
				77390D242C1F85430071D96B /* Assets.xcassets in Resources */,
			);
			runOnlyForDeploymentPostprocessing = 0;
		};
		77390D2A2C1F85430071D96B /* Resources */ = {
			isa = PBXResourcesBuildPhase;
			buildActionMask = 2147483647;
			files = (
			);
			runOnlyForDeploymentPostprocessing = 0;
		};
		77390D342C1F85430071D96B /* Resources */ = {
			isa = PBXResourcesBuildPhase;
			buildActionMask = 2147483647;
			files = (
			);
			runOnlyForDeploymentPostprocessing = 0;
		};
/* End PBXResourcesBuildPhase section */

/* Begin PBXSourcesBuildPhase section */
		77390D182C1F85410071D96B /* Sources */ = {
			isa = PBXSourcesBuildPhase;
			buildActionMask = 2147483647;
			files = (
				77390D222C1F85410071D96B /* ContentView.swift in Sources */,
				776CC1362C1F88CC00C8705E /* SampleIntentShortcuts.swift in Sources */,
				77390D202C1F85410071D96B /* AppIntentApp.swift in Sources */,
				77390D4B2C1F85C40071D96B /* SampleIntent.swift in Sources */,
			);
			runOnlyForDeploymentPostprocessing = 0;
		};
		77390D282C1F85430071D96B /* Sources */ = {
			isa = PBXSourcesBuildPhase;
			buildActionMask = 2147483647;
			files = (
				77390D312C1F85430071D96B /* AppIntentTests.swift in Sources */,
			);
			runOnlyForDeploymentPostprocessing = 0;
		};
		77390D322C1F85430071D96B /* Sources */ = {
			isa = PBXSourcesBuildPhase;
			buildActionMask = 2147483647;
			files = (
				77390D3D2C1F85430071D96B /* AppIntentUITestsLaunchTests.swift in Sources */,
				77390D3B2C1F85430071D96B /* AppIntentUITests.swift in Sources */,
			);
			runOnlyForDeploymentPostprocessing = 0;
		};
/* End PBXSourcesBuildPhase section */

/* Begin PBXTargetDependency section */
		77390D2E2C1F85430071D96B /* PBXTargetDependency */ = {
			isa = PBXTargetDependency;
			target = 77390D1B2C1F85410071D96B /* AppIntent */;
			targetProxy = 77390D2D2C1F85430071D96B /* PBXContainerItemProxy */;
		};
		77390D382C1F85430071D96B /* PBXTargetDependency */ = {
			isa = PBXTargetDependency;
			target = 77390D1B2C1F85410071D96B /* AppIntent */;
			targetProxy = 77390D372C1F85430071D96B /* PBXContainerItemProxy */;
		};
/* End PBXTargetDependency section */

/* Begin XCBuildConfiguration section */
		77390D3E2C1F85430071D96B /* Debug */ = {
			isa = XCBuildConfiguration;
			buildSettings = {
				ALWAYS_SEARCH_USER_PATHS = NO;
				ASSETCATALOG_COMPILER_GENERATE_SWIFT_ASSET_SYMBOL_EXTENSIONS = YES;
				CLANG_ANALYZER_NONNULL = YES;
				CLANG_ANALYZER_NUMBER_OBJECT_CONVERSION = YES_AGGRESSIVE;
				CLANG_CXX_LANGUAGE_STANDARD = "gnu++20";
				CLANG_ENABLE_MODULES = YES;
				CLANG_ENABLE_OBJC_ARC = YES;
				CLANG_ENABLE_OBJC_WEAK = YES;
				CLANG_WARN_BLOCK_CAPTURE_AUTORELEASING = YES;
				CLANG_WARN_BOOL_CONVERSION = YES;
				CLANG_WARN_COMMA = YES;
				CLANG_WARN_CONSTANT_CONVERSION = YES;
				CLANG_WARN_DEPRECATED_OBJC_IMPLEMENTATIONS = YES;
				CLANG_WARN_DIRECT_OBJC_ISA_USAGE = YES_ERROR;
				CLANG_WARN_DOCUMENTATION_COMMENTS = YES;
				CLANG_WARN_EMPTY_BODY = YES;
				CLANG_WARN_ENUM_CONVERSION = YES;
				CLANG_WARN_INFINITE_RECURSION = YES;
				CLANG_WARN_INT_CONVERSION = YES;
				CLANG_WARN_NON_LITERAL_NULL_CONVERSION = YES;
				CLANG_WARN_OBJC_IMPLICIT_RETAIN_SELF = YES;
				CLANG_WARN_OBJC_LITERAL_CONVERSION = YES;
				CLANG_WARN_OBJC_ROOT_CLASS = YES_ERROR;
				CLANG_WARN_QUOTED_INCLUDE_IN_FRAMEWORK_HEADER = YES;
				CLANG_WARN_RANGE_LOOP_ANALYSIS = YES;
				CLANG_WARN_STRICT_PROTOTYPES = YES;
				CLANG_WARN_SUSPICIOUS_MOVE = YES;
				CLANG_WARN_UNGUARDED_AVAILABILITY = YES_AGGRESSIVE;
				CLANG_WARN_UNREACHABLE_CODE = YES;
				CLANG_WARN__DUPLICATE_METHOD_MATCH = YES;
				COPY_PHASE_STRIP = NO;
				DEBUG_INFORMATION_FORMAT = dwarf;
				ENABLE_STRICT_OBJC_MSGSEND = YES;
				ENABLE_TESTABILITY = YES;
				ENABLE_USER_SCRIPT_SANDBOXING = YES;
				GCC_C_LANGUAGE_STANDARD = gnu17;
				GCC_DYNAMIC_NO_PIC = NO;
				GCC_NO_COMMON_BLOCKS = YES;
				GCC_OPTIMIZATION_LEVEL = 0;
				GCC_PREPROCESSOR_DEFINITIONS = (
					"DEBUG=1",
					"$(inherited)",
				);
				GCC_WARN_64_TO_32_BIT_CONVERSION = YES;
				GCC_WARN_ABOUT_RETURN_TYPE = YES_ERROR;
				GCC_WARN_UNDECLARED_SELECTOR = YES;
				GCC_WARN_UNINITIALIZED_AUTOS = YES_AGGRESSIVE;
				GCC_WARN_UNUSED_FUNCTION = YES;
				GCC_WARN_UNUSED_VARIABLE = YES;
				IPHONEOS_DEPLOYMENT_TARGET = 17.2;
				LOCALIZATION_PREFERS_STRING_CATALOGS = YES;
				MTL_ENABLE_DEBUG_INFO = INCLUDE_SOURCE;
				MTL_FAST_MATH = YES;
				ONLY_ACTIVE_ARCH = YES;
				SDKROOT = iphoneos;
				SWIFT_ACTIVE_COMPILATION_CONDITIONS = "DEBUG $(inherited)";
				SWIFT_OPTIMIZATION_LEVEL = "-Onone";
			};
			name = Debug;
		};
		77390D3F2C1F85430071D96B /* Release */ = {
			isa = XCBuildConfiguration;
			buildSettings = {
				ALWAYS_SEARCH_USER_PATHS = NO;
				ASSETCATALOG_COMPILER_GENERATE_SWIFT_ASSET_SYMBOL_EXTENSIONS = YES;
				CLANG_ANALYZER_NONNULL = YES;
				CLANG_ANALYZER_NUMBER_OBJECT_CONVERSION = YES_AGGRESSIVE;
				CLANG_CXX_LANGUAGE_STANDARD = "gnu++20";
				CLANG_ENABLE_MODULES = YES;
				CLANG_ENABLE_OBJC_ARC = YES;
				CLANG_ENABLE_OBJC_WEAK = YES;
				CLANG_WARN_BLOCK_CAPTURE_AUTORELEASING = YES;
				CLANG_WARN_BOOL_CONVERSION = YES;
				CLANG_WARN_COMMA = YES;
				CLANG_WARN_CONSTANT_CONVERSION = YES;
				CLANG_WARN_DEPRECATED_OBJC_IMPLEMENTATIONS = YES;
				CLANG_WARN_DIRECT_OBJC_ISA_USAGE = YES_ERROR;
				CLANG_WARN_DOCUMENTATION_COMMENTS = YES;
				CLANG_WARN_EMPTY_BODY = YES;
				CLANG_WARN_ENUM_CONVERSION = YES;
				CLANG_WARN_INFINITE_RECURSION = YES;
				CLANG_WARN_INT_CONVERSION = YES;
				CLANG_WARN_NON_LITERAL_NULL_CONVERSION = YES;
				CLANG_WARN_OBJC_IMPLICIT_RETAIN_SELF = YES;
				CLANG_WARN_OBJC_LITERAL_CONVERSION = YES;
				CLANG_WARN_OBJC_ROOT_CLASS = YES_ERROR;
				CLANG_WARN_QUOTED_INCLUDE_IN_FRAMEWORK_HEADER = YES;
				CLANG_WARN_RANGE_LOOP_ANALYSIS = YES;
				CLANG_WARN_STRICT_PROTOTYPES = YES;
				CLANG_WARN_SUSPICIOUS_MOVE = YES;
				CLANG_WARN_UNGUARDED_AVAILABILITY = YES_AGGRESSIVE;
				CLANG_WARN_UNREACHABLE_CODE = YES;
				CLANG_WARN__DUPLICATE_METHOD_MATCH = YES;
				COPY_PHASE_STRIP = NO;
				DEBUG_INFORMATION_FORMAT = "dwarf-with-dsym";
				ENABLE_NS_ASSERTIONS = NO;
				ENABLE_STRICT_OBJC_MSGSEND = YES;
				ENABLE_USER_SCRIPT_SANDBOXING = YES;
				GCC_C_LANGUAGE_STANDARD = gnu17;
				GCC_NO_COMMON_BLOCKS = YES;
				GCC_WARN_64_TO_32_BIT_CONVERSION = YES;
				GCC_WARN_ABOUT_RETURN_TYPE = YES_ERROR;
				GCC_WARN_UNDECLARED_SELECTOR = YES;
				GCC_WARN_UNINITIALIZED_AUTOS = YES_AGGRESSIVE;
				GCC_WARN_UNUSED_FUNCTION = YES;
				GCC_WARN_UNUSED_VARIABLE = YES;
				IPHONEOS_DEPLOYMENT_TARGET = 17.2;
				LOCALIZATION_PREFERS_STRING_CATALOGS = YES;
				MTL_ENABLE_DEBUG_INFO = NO;
				MTL_FAST_MATH = YES;
				SDKROOT = iphoneos;
				SWIFT_COMPILATION_MODE = wholemodule;
				VALIDATE_PRODUCT = YES;
			};
			name = Release;
		};
		77390D412C1F85430071D96B /* Debug */ = {
			isa = XCBuildConfiguration;
			buildSettings = {
				ASSETCATALOG_COMPILER_APPICON_NAME = AppIcon;
				ASSETCATALOG_COMPILER_GLOBAL_ACCENT_COLOR_NAME = AccentColor;
				CODE_SIGN_STYLE = Automatic;
				CURRENT_PROJECT_VERSION = 1;
				DEVELOPMENT_ASSET_PATHS = "\"AppIntent/Preview Content\"";
				DEVELOPMENT_TEAM = 68RG234D8W;
				ENABLE_PREVIEWS = YES;
				GENERATE_INFOPLIST_FILE = YES;
				INFOPLIST_KEY_UIApplicationSceneManifest_Generation = YES;
				INFOPLIST_KEY_UIApplicationSupportsIndirectInputEvents = YES;
				INFOPLIST_KEY_UILaunchScreen_Generation = YES;
				INFOPLIST_KEY_UISupportedInterfaceOrientations_iPad = "UIInterfaceOrientationPortrait UIInterfaceOrientationPortraitUpsideDown UIInterfaceOrientationLandscapeLeft UIInterfaceOrientationLandscapeRight";
				INFOPLIST_KEY_UISupportedInterfaceOrientations_iPhone = "UIInterfaceOrientationPortrait UIInterfaceOrientationLandscapeLeft UIInterfaceOrientationLandscapeRight";
				LD_RUNPATH_SEARCH_PATHS = (
					"$(inherited)",
					"@executable_path/Frameworks",
				);
				MARKETING_VERSION = 1.0;
				PRODUCT_BUNDLE_IDENTIFIER = com.dhruvrajpara.AppIntent;
				PRODUCT_NAME = "$(TARGET_NAME)";
				SWIFT_EMIT_LOC_STRINGS = YES;
				SWIFT_VERSION = 5.0;
				TARGETED_DEVICE_FAMILY = "1,2";
			};
			name = Debug;
		};
		77390D422C1F85430071D96B /* Release */ = {
			isa = XCBuildConfiguration;
			buildSettings = {
				ASSETCATALOG_COMPILER_APPICON_NAME = AppIcon;
				ASSETCATALOG_COMPILER_GLOBAL_ACCENT_COLOR_NAME = AccentColor;
				CODE_SIGN_STYLE = Automatic;
				CURRENT_PROJECT_VERSION = 1;
				DEVELOPMENT_ASSET_PATHS = "\"AppIntent/Preview Content\"";
				DEVELOPMENT_TEAM = 68RG234D8W;
				ENABLE_PREVIEWS = YES;
				GENERATE_INFOPLIST_FILE = YES;
				INFOPLIST_KEY_UIApplicationSceneManifest_Generation = YES;
				INFOPLIST_KEY_UIApplicationSupportsIndirectInputEvents = YES;
				INFOPLIST_KEY_UILaunchScreen_Generation = YES;
				INFOPLIST_KEY_UISupportedInterfaceOrientations_iPad = "UIInterfaceOrientationPortrait UIInterfaceOrientationPortraitUpsideDown UIInterfaceOrientationLandscapeLeft UIInterfaceOrientationLandscapeRight";
				INFOPLIST_KEY_UISupportedInterfaceOrientations_iPhone = "UIInterfaceOrientationPortrait UIInterfaceOrientationLandscapeLeft UIInterfaceOrientationLandscapeRight";
				LD_RUNPATH_SEARCH_PATHS = (
					"$(inherited)",
					"@executable_path/Frameworks",
				);
				MARKETING_VERSION = 1.0;
				PRODUCT_BUNDLE_IDENTIFIER = com.dhruvrajpara.AppIntent;
				PRODUCT_NAME = "$(TARGET_NAME)";
				SWIFT_EMIT_LOC_STRINGS = YES;
				SWIFT_VERSION = 5.0;
				TARGETED_DEVICE_FAMILY = "1,2";
			};
			name = Release;
		};
		77390D442C1F85430071D96B /* Debug */ = {
			isa = XCBuildConfiguration;
			buildSettings = {
				ALWAYS_EMBED_SWIFT_STANDARD_LIBRARIES = YES;
				BUNDLE_LOADER = "$(TEST_HOST)";
				CODE_SIGN_STYLE = Automatic;
				CURRENT_PROJECT_VERSION = 1;
				DEVELOPMENT_TEAM = 68RG234D8W;
				GENERATE_INFOPLIST_FILE = YES;
				IPHONEOS_DEPLOYMENT_TARGET = 17.2;
				MARKETING_VERSION = 1.0;
				PRODUCT_BUNDLE_IDENTIFIER = com.dhruvrajpara.AppIntentTests;
				PRODUCT_NAME = "$(TARGET_NAME)";
				SWIFT_EMIT_LOC_STRINGS = NO;
				SWIFT_VERSION = 5.0;
				TARGETED_DEVICE_FAMILY = "1,2";
				TEST_HOST = "$(BUILT_PRODUCTS_DIR)/AppIntent.app/$(BUNDLE_EXECUTABLE_FOLDER_PATH)/AppIntent";
			};
			name = Debug;
		};
		77390D452C1F85430071D96B /* Release */ = {
			isa = XCBuildConfiguration;
			buildSettings = {
				ALWAYS_EMBED_SWIFT_STANDARD_LIBRARIES = YES;
				BUNDLE_LOADER = "$(TEST_HOST)";
				CODE_SIGN_STYLE = Automatic;
				CURRENT_PROJECT_VERSION = 1;
				DEVELOPMENT_TEAM = 68RG234D8W;
				GENERATE_INFOPLIST_FILE = YES;
				IPHONEOS_DEPLOYMENT_TARGET = 17.2;
				MARKETING_VERSION = 1.0;
				PRODUCT_BUNDLE_IDENTIFIER = com.dhruvrajpara.AppIntentTests;
				PRODUCT_NAME = "$(TARGET_NAME)";
				SWIFT_EMIT_LOC_STRINGS = NO;
				SWIFT_VERSION = 5.0;
				TARGETED_DEVICE_FAMILY = "1,2";
				TEST_HOST = "$(BUILT_PRODUCTS_DIR)/AppIntent.app/$(BUNDLE_EXECUTABLE_FOLDER_PATH)/AppIntent";
			};
			name = Release;
		};
		77390D472C1F85430071D96B /* Debug */ = {
			isa = XCBuildConfiguration;
			buildSettings = {
				ALWAYS_EMBED_SWIFT_STANDARD_LIBRARIES = YES;
				CODE_SIGN_STYLE = Automatic;
				CURRENT_PROJECT_VERSION = 1;
				DEVELOPMENT_TEAM = 68RG234D8W;
				GENERATE_INFOPLIST_FILE = YES;
				MARKETING_VERSION = 1.0;
				PRODUCT_BUNDLE_IDENTIFIER = com.dhruvrajpara.AppIntentUITests;
				PRODUCT_NAME = "$(TARGET_NAME)";
				SWIFT_EMIT_LOC_STRINGS = NO;
				SWIFT_VERSION = 5.0;
				TARGETED_DEVICE_FAMILY = "1,2";
				TEST_TARGET_NAME = AppIntent;
			};
			name = Debug;
		};
		77390D482C1F85430071D96B /* Release */ = {
			isa = XCBuildConfiguration;
			buildSettings = {
				ALWAYS_EMBED_SWIFT_STANDARD_LIBRARIES = YES;
				CODE_SIGN_STYLE = Automatic;
				CURRENT_PROJECT_VERSION = 1;
				DEVELOPMENT_TEAM = 68RG234D8W;
				GENERATE_INFOPLIST_FILE = YES;
				MARKETING_VERSION = 1.0;
				PRODUCT_BUNDLE_IDENTIFIER = com.dhruvrajpara.AppIntentUITests;
				PRODUCT_NAME = "$(TARGET_NAME)";
				SWIFT_EMIT_LOC_STRINGS = NO;
				SWIFT_VERSION = 5.0;
				TARGETED_DEVICE_FAMILY = "1,2";
				TEST_TARGET_NAME = AppIntent;
			};
			name = Release;
		};
/* End XCBuildConfiguration section */

/* Begin XCConfigurationList section */
		77390D172C1F85410071D96B /* Build configuration list for PBXProject "AppIntent" */ = {
			isa = XCConfigurationList;
			buildConfigurations = (
				77390D3E2C1F85430071D96B /* Debug */,
				77390D3F2C1F85430071D96B /* Release */,
			);
			defaultConfigurationIsVisible = 0;
			defaultConfigurationName = Release;
		};
		77390D402C1F85430071D96B /* Build configuration list for PBXNativeTarget "AppIntent" */ = {
			isa = XCConfigurationList;
			buildConfigurations = (
				77390D412C1F85430071D96B /* Debug */,
				77390D422C1F85430071D96B /* Release */,
			);
			defaultConfigurationIsVisible = 0;
			defaultConfigurationName = Release;
		};
		77390D432C1F85430071D96B /* Build configuration list for PBXNativeTarget "AppIntentTests" */ = {
			isa = XCConfigurationList;
			buildConfigurations = (
				77390D442C1F85430071D96B /* Debug */,
				77390D452C1F85430071D96B /* Release */,
			);
			defaultConfigurationIsVisible = 0;
			defaultConfigurationName = Release;
		};
		77390D462C1F85430071D96B /* Build configuration list for PBXNativeTarget "AppIntentUITests" */ = {
			isa = XCConfigurationList;
			buildConfigurations = (
				77390D472C1F85430071D96B /* Debug */,
				77390D482C1F85430071D96B /* Release */,
			);
			defaultConfigurationIsVisible = 0;
			defaultConfigurationName = Release;
		};
/* End XCConfigurationList section */
	};
	rootObject = 77390D142C1F85410071D96B /* Project object */;
}
